// !$*UTF8*$!
{
	archiveVersion = 1;
	classes = {
	};
	objectVersion = 77;
	objects = {

/* Begin PBXBuildFile section */
		7C1178DF2E1E4D1C00141C8C /* FirebaseAnalytics in Frameworks */ = {isa = PBXBuildFile; productRef = 7C1178DE2E1E4D1C00141C8C /* FirebaseAnalytics */; };
		7C1178E12E1E4D1C00141C8C /* FirebaseAnalyticsCore in Frameworks */ = {isa = PBXBuildFile; productRef = 7C1178E02E1E4D1C00141C8C /* FirebaseAnalyticsCore */; };
		7C1178E32E23D13600141C8C /* FirebaseFirestore in Frameworks */ = {isa = PBXBuildFile; productRef = 7C1178E22E23D13600141C8C /* FirebaseFirestore */; };
		7C1178E72E2F71EE00141C8C /* GoogleService-Info.plist in Resources */ = {isa = PBXBuildFile; fileRef = 7C1178E62E2F71EE00141C8C /* GoogleService-Info.plist */; };
		7C21BC5E2E2F77EA002CA08A /* GoogleSignIn in Frameworks */ = {isa = PBXBuildFile; productRef = 7C21BC5D2E2F77EA002CA08A /* GoogleSignIn */; };
		7C21BC602E2F77EA002CA08A /* GoogleSignInSwift in Frameworks */ = {isa = PBXBuildFile; productRef = 7C21BC5F2E2F77EA002CA08A /* GoogleSignInSwift */; };
		7C21BC6E2E30A585002CA08A /* FirebaseAuth in Frameworks */ = {isa = PBXBuildFile; productRef = 7C21BC6D2E30A585002CA08A /* FirebaseAuth */; };
		7C21BC702E30A585002CA08A /* FirebaseCore in Frameworks */ = {isa = PBXBuildFile; productRef = 7C21BC6F2E30A585002CA08A /* FirebaseCore */; };
		7C21BC762E33609B002CA08A /* KakaoSDKAuth in Frameworks */ = {isa = PBXBuildFile; productRef = 7C21BC752E33609B002CA08A /* KakaoSDKAuth */; };
		7C21BC782E33609B002CA08A /* KakaoSDKCommon in Frameworks */ = {isa = PBXBuildFile; productRef = 7C21BC772E33609B002CA08A /* KakaoSDKCommon */; };
		7C21BC7A2E33609B002CA08A /* KakaoSDKUser in Frameworks */ = {isa = PBXBuildFile; productRef = 7C21BC792E33609B002CA08A /* KakaoSDKUser */; };
		7C21BC822E34E392002CA08A /* NaverThirdPartyLogin in Frameworks */ = {isa = PBXBuildFile; productRef = 7C21BC812E34E392002CA08A /* NaverThirdPartyLogin */; };
		7C21BC852E34E8EC002CA08A /* NidThirdPartyLogin in Frameworks */ = {isa = PBXBuildFile; productRef = 7C21BC842E34E8EC002CA08A /* NidThirdPartyLogin */; };
/* End PBXBuildFile section */

/* Begin PBXContainerItemProxy section */
		7C1178A42E18216E00141C8C /* PBXContainerItemProxy */ = {
			isa = PBXContainerItemProxy;
			containerPortal = 7C11788B2E18216C00141C8C /* Project object */;
			proxyType = 1;
			remoteGlobalIDString = 7C1178922E18216C00141C8C;
			remoteInfo = flowerme;
		};
		7C1178AE2E18216E00141C8C /* PBXContainerItemProxy */ = {
			isa = PBXContainerItemProxy;
			containerPortal = 7C11788B2E18216C00141C8C /* Project object */;
			proxyType = 1;
			remoteGlobalIDString = 7C1178922E18216C00141C8C;
			remoteInfo = flowerme;
		};
/* End PBXContainerItemProxy section */

/* Begin PBXFileReference section */
		7C1178932E18216C00141C8C /* flowerme.app */ = {isa = PBXFileReference; explicitFileType = wrapper.application; includeInIndex = 0; path = flowerme.app; sourceTree = BUILT_PRODUCTS_DIR; };
		7C1178A32E18216E00141C8C /* flowermeTests.xctest */ = {isa = PBXFileReference; explicitFileType = wrapper.cfbundle; includeInIndex = 0; path = flowermeTests.xctest; sourceTree = BUILT_PRODUCTS_DIR; };
		7C1178AD2E18216E00141C8C /* flowermeUITests.xctest */ = {isa = PBXFileReference; explicitFileType = wrapper.cfbundle; includeInIndex = 0; path = flowermeUITests.xctest; sourceTree = BUILT_PRODUCTS_DIR; };
		7C1178E62E2F71EE00141C8C /* GoogleService-Info.plist */ = {isa = PBXFileReference; lastKnownFileType = text.plist.xml; path = "GoogleService-Info.plist"; sourceTree = "<group>"; };
/* End PBXFileReference section */

/* Begin PBXFileSystemSynchronizedBuildFileExceptionSet section */
		7C1178D02E1AC45400141C8C /* Exceptions for "flowerme" folder in "flowerme" target */ = {
			isa = PBXFileSystemSynchronizedBuildFileExceptionSet;
			membershipExceptions = (
				Info.plist,
			);
			target = 7C1178922E18216C00141C8C /* flowerme */;
		};
/* End PBXFileSystemSynchronizedBuildFileExceptionSet section */

/* Begin PBXFileSystemSynchronizedRootGroup section */
		7C1178952E18216C00141C8C /* flowerme */ = {
			isa = PBXFileSystemSynchronizedRootGroup;
			exceptions = (
				7C1178D02E1AC45400141C8C /* Exceptions for "flowerme" folder in "flowerme" target */,
			);
			path = flowerme;
			sourceTree = "<group>";
		};
		7C1178A62E18216E00141C8C /* flowermeTests */ = {
			isa = PBXFileSystemSynchronizedRootGroup;
			path = flowermeTests;
			sourceTree = "<group>";
		};
		7C1178B02E18216E00141C8C /* flowermeUITests */ = {
			isa = PBXFileSystemSynchronizedRootGroup;
			path = flowermeUITests;
			sourceTree = "<group>";
		};
/* End PBXFileSystemSynchronizedRootGroup section */

/* Begin PBXFrameworksBuildPhase section */
		7C1178902E18216C00141C8C /* Frameworks */ = {
			isa = PBXFrameworksBuildPhase;
			buildActionMask = 2147483647;
			files = (
				7C21BC602E2F77EA002CA08A /* GoogleSignInSwift in Frameworks */,
				7C21BC6E2E30A585002CA08A /* FirebaseAuth in Frameworks */,
				7C1178DF2E1E4D1C00141C8C /* FirebaseAnalytics in Frameworks */,
				7C21BC822E34E392002CA08A /* NaverThirdPartyLogin in Frameworks */,
				7C21BC5E2E2F77EA002CA08A /* GoogleSignIn in Frameworks */,
				7C21BC852E34E8EC002CA08A /* NidThirdPartyLogin in Frameworks */,
				7C21BC782E33609B002CA08A /* KakaoSDKCommon in Frameworks */,
				7C21BC702E30A585002CA08A /* FirebaseCore in Frameworks */,
				7C1178E12E1E4D1C00141C8C /* FirebaseAnalyticsCore in Frameworks */,
				7C1178E32E23D13600141C8C /* FirebaseFirestore in Frameworks */,
				7C21BC7A2E33609B002CA08A /* KakaoSDKUser in Frameworks */,
				7C21BC762E33609B002CA08A /* KakaoSDKAuth in Frameworks */,
			);
			runOnlyForDeploymentPostprocessing = 0;
		};
		7C1178A02E18216E00141C8C /* Frameworks */ = {
			isa = PBXFrameworksBuildPhase;
			buildActionMask = 2147483647;
			files = (
			);
			runOnlyForDeploymentPostprocessing = 0;
		};
		7C1178AA2E18216E00141C8C /* Frameworks */ = {
			isa = PBXFrameworksBuildPhase;
			buildActionMask = 2147483647;
			files = (
			);
			runOnlyForDeploymentPostprocessing = 0;
		};
/* End PBXFrameworksBuildPhase section */

/* Begin PBXGroup section */
		7C11788A2E18216C00141C8C = {
			isa = PBXGroup;
			children = (
				7C1178952E18216C00141C8C /* flowerme */,
				7C1178A62E18216E00141C8C /* flowermeTests */,
				7C1178B02E18216E00141C8C /* flowermeUITests */,
				7C1178942E18216C00141C8C /* Products */,
				7C1178E62E2F71EE00141C8C /* GoogleService-Info.plist */,
			);
			sourceTree = "<group>";
		};
		7C1178942E18216C00141C8C /* Products */ = {
			isa = PBXGroup;
			children = (
				7C1178932E18216C00141C8C /* flowerme.app */,
				7C1178A32E18216E00141C8C /* flowermeTests.xctest */,
				7C1178AD2E18216E00141C8C /* flowermeUITests.xctest */,
			);
			name = Products;
			sourceTree = "<group>";
		};
/* End PBXGroup section */

/* Begin PBXNativeTarget section */
		7C1178922E18216C00141C8C /* flowerme */ = {
			isa = PBXNativeTarget;
			buildConfigurationList = 7C1178B72E18216E00141C8C /* Build configuration list for PBXNativeTarget "flowerme" */;
			buildPhases = (
				7C11788F2E18216C00141C8C /* Sources */,
				7C1178902E18216C00141C8C /* Frameworks */,
				7C1178912E18216C00141C8C /* Resources */,
			);
			buildRules = (
			);
			dependencies = (
			);
			fileSystemSynchronizedGroups = (
				7C1178952E18216C00141C8C /* flowerme */,
			);
			name = flowerme;
			packageProductDependencies = (
				7C1178DE2E1E4D1C00141C8C /* FirebaseAnalytics */,
				7C1178E02E1E4D1C00141C8C /* FirebaseAnalyticsCore */,
				7C1178E22E23D13600141C8C /* FirebaseFirestore */,
				7C21BC5D2E2F77EA002CA08A /* GoogleSignIn */,
				7C21BC5F2E2F77EA002CA08A /* GoogleSignInSwift */,
				7C21BC6D2E30A585002CA08A /* FirebaseAuth */,
				7C21BC6F2E30A585002CA08A /* FirebaseCore */,
				7C21BC752E33609B002CA08A /* KakaoSDKAuth */,
				7C21BC772E33609B002CA08A /* KakaoSDKCommon */,
				7C21BC792E33609B002CA08A /* KakaoSDKUser */,
				7C21BC812E34E392002CA08A /* NaverThirdPartyLogin */,
				7C21BC842E34E8EC002CA08A /* NidThirdPartyLogin */,
			);
			productName = flowerme;
			productReference = 7C1178932E18216C00141C8C /* flowerme.app */;
			productType = "com.apple.product-type.application";
		};
		7C1178A22E18216E00141C8C /* flowermeTests */ = {
			isa = PBXNativeTarget;
			buildConfigurationList = 7C1178BA2E18216E00141C8C /* Build configuration list for PBXNativeTarget "flowermeTests" */;
			buildPhases = (
				7C11789F2E18216E00141C8C /* Sources */,
				7C1178A02E18216E00141C8C /* Frameworks */,
				7C1178A12E18216E00141C8C /* Resources */,
			);
			buildRules = (
			);
			dependencies = (
				7C1178A52E18216E00141C8C /* PBXTargetDependency */,
			);
			fileSystemSynchronizedGroups = (
				7C1178A62E18216E00141C8C /* flowermeTests */,
			);
			name = flowermeTests;
			packageProductDependencies = (
			);
			productName = flowermeTests;
			productReference = 7C1178A32E18216E00141C8C /* flowermeTests.xctest */;
			productType = "com.apple.product-type.bundle.unit-test";
		};
		7C1178AC2E18216E00141C8C /* flowermeUITests */ = {
			isa = PBXNativeTarget;
			buildConfigurationList = 7C1178BD2E18216E00141C8C /* Build configuration list for PBXNativeTarget "flowermeUITests" */;
			buildPhases = (
				7C1178A92E18216E00141C8C /* Sources */,
				7C1178AA2E18216E00141C8C /* Frameworks */,
				7C1178AB2E18216E00141C8C /* Resources */,
			);
			buildRules = (
			);
			dependencies = (
				7C1178AF2E18216E00141C8C /* PBXTargetDependency */,
			);
			fileSystemSynchronizedGroups = (
				7C1178B02E18216E00141C8C /* flowermeUITests */,
			);
			name = flowermeUITests;
			packageProductDependencies = (
			);
			productName = flowermeUITests;
			productReference = 7C1178AD2E18216E00141C8C /* flowermeUITests.xctest */;
			productType = "com.apple.product-type.bundle.ui-testing";
		};
/* End PBXNativeTarget section */

/* Begin PBXProject section */
		7C11788B2E18216C00141C8C /* Project object */ = {
			isa = PBXProject;
			attributes = {
				BuildIndependentTargetsInParallel = 1;
				LastSwiftUpdateCheck = 1640;
				LastUpgradeCheck = 1640;
				TargetAttributes = {
					7C1178922E18216C00141C8C = {
						CreatedOnToolsVersion = 16.4;
					};
					7C1178A22E18216E00141C8C = {
						CreatedOnToolsVersion = 16.4;
						TestTargetID = 7C1178922E18216C00141C8C;
					};
					7C1178AC2E18216E00141C8C = {
						CreatedOnToolsVersion = 16.4;
						TestTargetID = 7C1178922E18216C00141C8C;
					};
				};
			};
			buildConfigurationList = 7C11788E2E18216C00141C8C /* Build configuration list for PBXProject "flowerme" */;
			developmentRegion = en;
			hasScannedForEncodings = 0;
			knownRegions = (
				en,
				Base,
			);
			mainGroup = 7C11788A2E18216C00141C8C;
			minimizedProjectReferenceProxies = 1;
			packageReferences = (
				7C1178DD2E1E4D1C00141C8C /* XCRemoteSwiftPackageReference "firebase-ios-sdk" */,
				7C21BC5C2E2F77EA002CA08A /* XCRemoteSwiftPackageReference "GoogleSignIn-iOS" */,
				7C21BC742E33609B002CA08A /* XCRemoteSwiftPackageReference "kakao-ios-sdk" */,
				7C21BC802E34E392002CA08A /* XCRemoteSwiftPackageReference "naveridlogin-sdk-ios" */,
				7C21BC832E34E8EC002CA08A /* XCRemoteSwiftPackageReference "naveridlogin-sdk-ios-swift" */,
			);
			preferredProjectObjectVersion = 77;
			productRefGroup = 7C1178942E18216C00141C8C /* Products */;
			projectDirPath = "";
			projectRoot = "";
			targets = (
				7C1178922E18216C00141C8C /* flowerme */,
				7C1178A22E18216E00141C8C /* flowermeTests */,
				7C1178AC2E18216E00141C8C /* flowermeUITests */,
			);
		};
/* End PBXProject section */

/* Begin PBXResourcesBuildPhase section */
		7C1178912E18216C00141C8C /* Resources */ = {
			isa = PBXResourcesBuildPhase;
			buildActionMask = 2147483647;
			files = (
				7C1178E72E2F71EE00141C8C /* GoogleService-Info.plist in Resources */,
			);
			runOnlyForDeploymentPostprocessing = 0;
		};
		7C1178A12E18216E00141C8C /* Resources */ = {
			isa = PBXResourcesBuildPhase;
			buildActionMask = 2147483647;
			files = (
			);
			runOnlyForDeploymentPostprocessing = 0;
		};
		7C1178AB2E18216E00141C8C /* Resources */ = {
			isa = PBXResourcesBuildPhase;
			buildActionMask = 2147483647;
			files = (
			);
			runOnlyForDeploymentPostprocessing = 0;
		};
/* End PBXResourcesBuildPhase section */

/* Begin PBXSourcesBuildPhase section */
		7C11788F2E18216C00141C8C /* Sources */ = {
			isa = PBXSourcesBuildPhase;
			buildActionMask = 2147483647;
			files = (
			);
			runOnlyForDeploymentPostprocessing = 0;
		};
		7C11789F2E18216E00141C8C /* Sources */ = {
			isa = PBXSourcesBuildPhase;
			buildActionMask = 2147483647;
			files = (
			);
			runOnlyForDeploymentPostprocessing = 0;
		};
		7C1178A92E18216E00141C8C /* Sources */ = {
			isa = PBXSourcesBuildPhase;
			buildActionMask = 2147483647;
			files = (
			);
			runOnlyForDeploymentPostprocessing = 0;
		};
/* End PBXSourcesBuildPhase section */

/* Begin PBXTargetDependency section */
		7C1178A52E18216E00141C8C /* PBXTargetDependency */ = {
			isa = PBXTargetDependency;
			target = 7C1178922E18216C00141C8C /* flowerme */;
			targetProxy = 7C1178A42E18216E00141C8C /* PBXContainerItemProxy */;
		};
		7C1178AF2E18216E00141C8C /* PBXTargetDependency */ = {
			isa = PBXTargetDependency;
			target = 7C1178922E18216C00141C8C /* flowerme */;
			targetProxy = 7C1178AE2E18216E00141C8C /* PBXContainerItemProxy */;
		};
/* End PBXTargetDependency section */

/* Begin XCBuildConfiguration section */
		7C1178B52E18216E00141C8C /* Debug */ = {
			isa = XCBuildConfiguration;
			buildSettings = {
				ALWAYS_SEARCH_USER_PATHS = NO;
				ASSETCATALOG_COMPILER_GENERATE_SWIFT_ASSET_SYMBOL_EXTENSIONS = YES;
				CLANG_ANALYZER_NONNULL = YES;
				CLANG_ANALYZER_NUMBER_OBJECT_CONVERSION = YES_AGGRESSIVE;
				CLANG_CXX_LANGUAGE_STANDARD = "gnu++20";
				CLANG_ENABLE_MODULES = YES;
				CLANG_ENABLE_OBJC_ARC = YES;
				CLANG_ENABLE_OBJC_WEAK = YES;
				CLANG_WARN_BLOCK_CAPTURE_AUTORELEASING = YES;
				CLANG_WARN_BOOL_CONVERSION = YES;
				CLANG_WARN_COMMA = YES;
				CLANG_WARN_CONSTANT_CONVERSION = YES;
				CLANG_WARN_DEPRECATED_OBJC_IMPLEMENTATIONS = YES;
				CLANG_WARN_DIRECT_OBJC_ISA_USAGE = YES_ERROR;
				CLANG_WARN_DOCUMENTATION_COMMENTS = YES;
				CLANG_WARN_EMPTY_BODY = YES;
				CLANG_WARN_ENUM_CONVERSION = YES;
				CLANG_WARN_INFINITE_RECURSION = YES;
				CLANG_WARN_INT_CONVERSION = YES;
				CLANG_WARN_NON_LITERAL_NULL_CONVERSION = YES;
				CLANG_WARN_OBJC_IMPLICIT_RETAIN_SELF = YES;
				CLANG_WARN_OBJC_LITERAL_CONVERSION = YES;
				CLANG_WARN_OBJC_ROOT_CLASS = YES_ERROR;
				CLANG_WARN_QUOTED_INCLUDE_IN_FRAMEWORK_HEADER = YES;
				CLANG_WARN_RANGE_LOOP_ANALYSIS = YES;
				CLANG_WARN_STRICT_PROTOTYPES = YES;
				CLANG_WARN_SUSPICIOUS_MOVE = YES;
				CLANG_WARN_UNGUARDED_AVAILABILITY = YES_AGGRESSIVE;
				CLANG_WARN_UNREACHABLE_CODE = YES;
				CLANG_WARN__DUPLICATE_METHOD_MATCH = YES;
				COPY_PHASE_STRIP = NO;
				DEBUG_INFORMATION_FORMAT = dwarf;
				DEVELOPMENT_TEAM = 2S54A4WJ93;
				ENABLE_STRICT_OBJC_MSGSEND = YES;
				ENABLE_TESTABILITY = YES;
				ENABLE_USER_SCRIPT_SANDBOXING = YES;
				GCC_C_LANGUAGE_STANDARD = gnu17;
				GCC_DYNAMIC_NO_PIC = NO;
				GCC_NO_COMMON_BLOCKS = YES;
				GCC_OPTIMIZATION_LEVEL = 0;
				GCC_PREPROCESSOR_DEFINITIONS = (
					"DEBUG=1",
					"$(inherited)",
				);
				GCC_WARN_64_TO_32_BIT_CONVERSION = YES;
				GCC_WARN_ABOUT_RETURN_TYPE = YES_ERROR;
				GCC_WARN_UNDECLARED_SELECTOR = YES;
				GCC_WARN_UNINITIALIZED_AUTOS = YES_AGGRESSIVE;
				GCC_WARN_UNUSED_FUNCTION = YES;
				GCC_WARN_UNUSED_VARIABLE = YES;
				LOCALIZATION_PREFERS_STRING_CATALOGS = YES;
				MTL_ENABLE_DEBUG_INFO = INCLUDE_SOURCE;
				MTL_FAST_MATH = YES;
				ONLY_ACTIVE_ARCH = YES;
				SWIFT_ACTIVE_COMPILATION_CONDITIONS = "DEBUG $(inherited)";
				SWIFT_OPTIMIZATION_LEVEL = "-Onone";
			};
			name = Debug;
		};
		7C1178B62E18216E00141C8C /* Release */ = {
			isa = XCBuildConfiguration;
			buildSettings = {
				ALWAYS_SEARCH_USER_PATHS = NO;
				ASSETCATALOG_COMPILER_GENERATE_SWIFT_ASSET_SYMBOL_EXTENSIONS = YES;
				CLANG_ANALYZER_NONNULL = YES;
				CLANG_ANALYZER_NUMBER_OBJECT_CONVERSION = YES_AGGRESSIVE;
				CLANG_CXX_LANGUAGE_STANDARD = "gnu++20";
				CLANG_ENABLE_MODULES = YES;
				CLANG_ENABLE_OBJC_ARC = YES;
				CLANG_ENABLE_OBJC_WEAK = YES;
				CLANG_WARN_BLOCK_CAPTURE_AUTORELEASING = YES;
				CLANG_WARN_BOOL_CONVERSION = YES;
				CLANG_WARN_COMMA = YES;
				CLANG_WARN_CONSTANT_CONVERSION = YES;
				CLANG_WARN_DEPRECATED_OBJC_IMPLEMENTATIONS = YES;
				CLANG_WARN_DIRECT_OBJC_ISA_USAGE = YES_ERROR;
				CLANG_WARN_DOCUMENTATION_COMMENTS = YES;
				CLANG_WARN_EMPTY_BODY = YES;
				CLANG_WARN_ENUM_CONVERSION = YES;
				CLANG_WARN_INFINITE_RECURSION = YES;
				CLANG_WARN_INT_CONVERSION = YES;
				CLANG_WARN_NON_LITERAL_NULL_CONVERSION = YES;
				CLANG_WARN_OBJC_IMPLICIT_RETAIN_SELF = YES;
				CLANG_WARN_OBJC_LITERAL_CONVERSION = YES;
				CLANG_WARN_OBJC_ROOT_CLASS = YES_ERROR;
				CLANG_WARN_QUOTED_INCLUDE_IN_FRAMEWORK_HEADER = YES;
				CLANG_WARN_RANGE_LOOP_ANALYSIS = YES;
				CLANG_WARN_STRICT_PROTOTYPES = YES;
				CLANG_WARN_SUSPICIOUS_MOVE = YES;
				CLANG_WARN_UNGUARDED_AVAILABILITY = YES_AGGRESSIVE;
				CLANG_WARN_UNREACHABLE_CODE = YES;
				CLANG_WARN__DUPLICATE_METHOD_MATCH = YES;
				COPY_PHASE_STRIP = NO;
				DEBUG_INFORMATION_FORMAT = "dwarf-with-dsym";
				DEVELOPMENT_TEAM = 2S54A4WJ93;
				ENABLE_NS_ASSERTIONS = NO;
				ENABLE_STRICT_OBJC_MSGSEND = YES;
				ENABLE_USER_SCRIPT_SANDBOXING = YES;
				GCC_C_LANGUAGE_STANDARD = gnu17;
				GCC_NO_COMMON_BLOCKS = YES;
				GCC_WARN_64_TO_32_BIT_CONVERSION = YES;
				GCC_WARN_ABOUT_RETURN_TYPE = YES_ERROR;
				GCC_WARN_UNDECLARED_SELECTOR = YES;
				GCC_WARN_UNINITIALIZED_AUTOS = YES_AGGRESSIVE;
				GCC_WARN_UNUSED_FUNCTION = YES;
				GCC_WARN_UNUSED_VARIABLE = YES;
				LOCALIZATION_PREFERS_STRING_CATALOGS = YES;
				MTL_ENABLE_DEBUG_INFO = NO;
				MTL_FAST_MATH = YES;
				SWIFT_COMPILATION_MODE = wholemodule;
			};
			name = Release;
		};
		7C1178B82E18216E00141C8C /* Debug */ = {
			isa = XCBuildConfiguration;
			buildSettings = {
				ASSETCATALOG_COMPILER_APPICON_NAME = AppIcon;
				ASSETCATALOG_COMPILER_GLOBAL_ACCENT_COLOR_NAME = AccentColor;
				CODE_SIGN_ENTITLEMENTS = flowerme/flowerme.entitlements;
				CODE_SIGN_STYLE = Automatic;
				CURRENT_PROJECT_VERSION = 1;
				DEVELOPMENT_TEAM = 2S54A4WJ93;
				ENABLE_HARDENED_RUNTIME = YES;
				ENABLE_PREVIEWS = YES;
				GENERATE_INFOPLIST_FILE = YES;
				INFOPLIST_FILE = flowerme/Info.plist;
				INFOPLIST_KEY_NSLocationWhenInUseUsageDescription = "근처 사용자에게 꽃을 보내기 위해 위치 정보가 필요해요.";
				"INFOPLIST_KEY_UIApplicationSceneManifest_Generation[sdk=iphoneos*]" = YES;
				"INFOPLIST_KEY_UIApplicationSceneManifest_Generation[sdk=iphonesimulator*]" = YES;
				"INFOPLIST_KEY_UIApplicationSupportsIndirectInputEvents[sdk=iphoneos*]" = YES;
				"INFOPLIST_KEY_UIApplicationSupportsIndirectInputEvents[sdk=iphonesimulator*]" = YES;
				"INFOPLIST_KEY_UILaunchScreen_Generation[sdk=iphoneos*]" = YES;
				"INFOPLIST_KEY_UILaunchScreen_Generation[sdk=iphonesimulator*]" = YES;
				"INFOPLIST_KEY_UIStatusBarStyle[sdk=iphoneos*]" = UIStatusBarStyleDefault;
				"INFOPLIST_KEY_UIStatusBarStyle[sdk=iphonesimulator*]" = UIStatusBarStyleDefault;
				INFOPLIST_KEY_UISupportedInterfaceOrientations_iPad = "UIInterfaceOrientationPortrait UIInterfaceOrientationPortraitUpsideDown UIInterfaceOrientationLandscapeLeft UIInterfaceOrientationLandscapeRight";
				INFOPLIST_KEY_UISupportedInterfaceOrientations_iPhone = "UIInterfaceOrientationPortrait UIInterfaceOrientationLandscapeLeft UIInterfaceOrientationLandscapeRight";
				IPHONEOS_DEPLOYMENT_TARGET = 17.6;
				LD_RUNPATH_SEARCH_PATHS = "@executable_path/Frameworks";
				"LD_RUNPATH_SEARCH_PATHS[sdk=macosx*]" = "@executable_path/../Frameworks";
				MACOSX_DEPLOYMENT_TARGET = 14.0;
				MARKETING_VERSION = 1.0;
				PRODUCT_BUNDLE_IDENTIFIER = com.flowerme;
				PRODUCT_NAME = "$(TARGET_NAME)";
				REGISTER_APP_GROUPS = YES;
				SDKROOT = auto;
				SUPPORTED_PLATFORMS = "iphoneos iphonesimulator macosx xros xrsimulator";
				SWIFT_EMIT_LOC_STRINGS = YES;
				SWIFT_VERSION = 5.0;
				TARGETED_DEVICE_FAMILY = "1,2,7";
				XROS_DEPLOYMENT_TARGET = 2.5;
			};
			name = Debug;
		};
		7C1178B92E18216E00141C8C /* Release */ = {
			isa = XCBuildConfiguration;
			buildSettings = {
				ASSETCATALOG_COMPILER_APPICON_NAME = AppIcon;
				ASSETCATALOG_COMPILER_GLOBAL_ACCENT_COLOR_NAME = AccentColor;
				CODE_SIGN_ENTITLEMENTS = flowerme/flowerme.entitlements;
				CODE_SIGN_STYLE = Automatic;
				CURRENT_PROJECT_VERSION = 1;
				DEVELOPMENT_TEAM = 2S54A4WJ93;
				ENABLE_HARDENED_RUNTIME = YES;
				ENABLE_PREVIEWS = YES;
				GENERATE_INFOPLIST_FILE = YES;
				INFOPLIST_FILE = flowerme/Info.plist;
				INFOPLIST_KEY_NSLocationWhenInUseUsageDescription = "근처 사용자에게 꽃을 보내기 위해 위치 정보가 필요해요.";
				"INFOPLIST_KEY_UIApplicationSceneManifest_Generation[sdk=iphoneos*]" = YES;
				"INFOPLIST_KEY_UIApplicationSceneManifest_Generation[sdk=iphonesimulator*]" = YES;
				"INFOPLIST_KEY_UIApplicationSupportsIndirectInputEvents[sdk=iphoneos*]" = YES;
				"INFOPLIST_KEY_UIApplicationSupportsIndirectInputEvents[sdk=iphonesimulator*]" = YES;
				"INFOPLIST_KEY_UILaunchScreen_Generation[sdk=iphoneos*]" = YES;
				"INFOPLIST_KEY_UILaunchScreen_Generation[sdk=iphonesimulator*]" = YES;
				"INFOPLIST_KEY_UIStatusBarStyle[sdk=iphoneos*]" = UIStatusBarStyleDefault;
				"INFOPLIST_KEY_UIStatusBarStyle[sdk=iphonesimulator*]" = UIStatusBarStyleDefault;
				INFOPLIST_KEY_UISupportedInterfaceOrientations_iPad = "UIInterfaceOrientationPortrait UIInterfaceOrientationPortraitUpsideDown UIInterfaceOrientationLandscapeLeft UIInterfaceOrientationLandscapeRight";
				INFOPLIST_KEY_UISupportedInterfaceOrientations_iPhone = "UIInterfaceOrientationPortrait UIInterfaceOrientationLandscapeLeft UIInterfaceOrientationLandscapeRight";
				IPHONEOS_DEPLOYMENT_TARGET = 17.6;
				LD_RUNPATH_SEARCH_PATHS = "@executable_path/Frameworks";
				"LD_RUNPATH_SEARCH_PATHS[sdk=macosx*]" = "@executable_path/../Frameworks";
				MACOSX_DEPLOYMENT_TARGET = 14.0;
				MARKETING_VERSION = 1.0;
				PRODUCT_BUNDLE_IDENTIFIER = com.flowerme;
				PRODUCT_NAME = "$(TARGET_NAME)";
				REGISTER_APP_GROUPS = YES;
				SDKROOT = auto;
				SUPPORTED_PLATFORMS = "iphoneos iphonesimulator macosx xros xrsimulator";
				SWIFT_EMIT_LOC_STRINGS = YES;
				SWIFT_VERSION = 5.0;
				TARGETED_DEVICE_FAMILY = "1,2,7";
				XROS_DEPLOYMENT_TARGET = 2.5;
			};
			name = Release;
		};
		7C1178BB2E18216E00141C8C /* Debug */ = {
			isa = XCBuildConfiguration;
			buildSettings = {
				BUNDLE_LOADER = "$(TEST_HOST)";
				CODE_SIGN_STYLE = Automatic;
				CURRENT_PROJECT_VERSION = 1;
				DEVELOPMENT_TEAM = 2S54A4WJ93;
				GENERATE_INFOPLIST_FILE = YES;
				IPHONEOS_DEPLOYMENT_TARGET = 18.5;
				MACOSX_DEPLOYMENT_TARGET = 15.5;
				MARKETING_VERSION = 1.0;
				PRODUCT_BUNDLE_IDENTIFIER = com.flowermeTests;
				PRODUCT_NAME = "$(TARGET_NAME)";
				SDKROOT = auto;
				SUPPORTED_PLATFORMS = "iphoneos iphonesimulator macosx xros xrsimulator";
				SWIFT_EMIT_LOC_STRINGS = NO;
				SWIFT_VERSION = 5.0;
				TARGETED_DEVICE_FAMILY = "1,2,7";
				TEST_HOST = "$(BUILT_PRODUCTS_DIR)/flowerme.app/$(BUNDLE_EXECUTABLE_FOLDER_PATH)/flowerme";
				XROS_DEPLOYMENT_TARGET = 2.5;
			};
			name = Debug;
		};
		7C1178BC2E18216E00141C8C /* Release */ = {
			isa = XCBuildConfiguration;
			buildSettings = {
				BUNDLE_LOADER = "$(TEST_HOST)";
				CODE_SIGN_STYLE = Automatic;
				CURRENT_PROJECT_VERSION = 1;
				DEVELOPMENT_TEAM = 2S54A4WJ93;
				GENERATE_INFOPLIST_FILE = YES;
				IPHONEOS_DEPLOYMENT_TARGET = 18.5;
				MACOSX_DEPLOYMENT_TARGET = 15.5;
				MARKETING_VERSION = 1.0;
				PRODUCT_BUNDLE_IDENTIFIER = com.flowermeTests;
				PRODUCT_NAME = "$(TARGET_NAME)";
				SDKROOT = auto;
				SUPPORTED_PLATFORMS = "iphoneos iphonesimulator macosx xros xrsimulator";
				SWIFT_EMIT_LOC_STRINGS = NO;
				SWIFT_VERSION = 5.0;
				TARGETED_DEVICE_FAMILY = "1,2,7";
				TEST_HOST = "$(BUILT_PRODUCTS_DIR)/flowerme.app/$(BUNDLE_EXECUTABLE_FOLDER_PATH)/flowerme";
				XROS_DEPLOYMENT_TARGET = 2.5;
			};
			name = Release;
		};
		7C1178BE2E18216E00141C8C /* Debug */ = {
			isa = XCBuildConfiguration;
			buildSettings = {
				CODE_SIGN_STYLE = Automatic;
				CURRENT_PROJECT_VERSION = 1;
				DEVELOPMENT_TEAM = 2S54A4WJ93;
				GENERATE_INFOPLIST_FILE = YES;
				IPHONEOS_DEPLOYMENT_TARGET = 18.5;
				MACOSX_DEPLOYMENT_TARGET = 15.5;
				MARKETING_VERSION = 1.0;
				PRODUCT_BUNDLE_IDENTIFIER = com.flowermeUITests;
				PRODUCT_NAME = "$(TARGET_NAME)";
				SDKROOT = auto;
				SUPPORTED_PLATFORMS = "iphoneos iphonesimulator macosx xros xrsimulator";
				SWIFT_EMIT_LOC_STRINGS = NO;
				SWIFT_VERSION = 5.0;
				TARGETED_DEVICE_FAMILY = "1,2,7";
				TEST_TARGET_NAME = flowerme;
				XROS_DEPLOYMENT_TARGET = 2.5;
			};
			name = Debug;
		};
		7C1178BF2E18216E00141C8C /* Release */ = {
			isa = XCBuildConfiguration;
			buildSettings = {
				CODE_SIGN_STYLE = Automatic;
				CURRENT_PROJECT_VERSION = 1;
				DEVELOPMENT_TEAM = 2S54A4WJ93;
				GENERATE_INFOPLIST_FILE = YES;
				IPHONEOS_DEPLOYMENT_TARGET = 18.5;
				MACOSX_DEPLOYMENT_TARGET = 15.5;
				MARKETING_VERSION = 1.0;
				PRODUCT_BUNDLE_IDENTIFIER = com.flowermeUITests;
				PRODUCT_NAME = "$(TARGET_NAME)";
				SDKROOT = auto;
				SUPPORTED_PLATFORMS = "iphoneos iphonesimulator macosx xros xrsimulator";
				SWIFT_EMIT_LOC_STRINGS = NO;
				SWIFT_VERSION = 5.0;
				TARGETED_DEVICE_FAMILY = "1,2,7";
				TEST_TARGET_NAME = flowerme;
				XROS_DEPLOYMENT_TARGET = 2.5;
			};
			name = Release;
		};
/* End XCBuildConfiguration section */

/* Begin XCConfigurationList section */
		7C11788E2E18216C00141C8C /* Build configuration list for PBXProject "flowerme" */ = {
			isa = XCConfigurationList;
			buildConfigurations = (
				7C1178B52E18216E00141C8C /* Debug */,
				7C1178B62E18216E00141C8C /* Release */,
			);
			defaultConfigurationIsVisible = 0;
			defaultConfigurationName = Release;
		};
		7C1178B72E18216E00141C8C /* Build configuration list for PBXNativeTarget "flowerme" */ = {
			isa = XCConfigurationList;
			buildConfigurations = (
				7C1178B82E18216E00141C8C /* Debug */,
				7C1178B92E18216E00141C8C /* Release */,
			);
			defaultConfigurationIsVisible = 0;
			defaultConfigurationName = Release;
		};
		7C1178BA2E18216E00141C8C /* Build configuration list for PBXNativeTarget "flowermeTests" */ = {
			isa = XCConfigurationList;
			buildConfigurations = (
				7C1178BB2E18216E00141C8C /* Debug */,
				7C1178BC2E18216E00141C8C /* Release */,
			);
			defaultConfigurationIsVisible = 0;
			defaultConfigurationName = Release;
		};
		7C1178BD2E18216E00141C8C /* Build configuration list for PBXNativeTarget "flowermeUITests" */ = {
			isa = XCConfigurationList;
			buildConfigurations = (
				7C1178BE2E18216E00141C8C /* Debug */,
				7C1178BF2E18216E00141C8C /* Release */,
			);
			defaultConfigurationIsVisible = 0;
			defaultConfigurationName = Release;
		};
/* End XCConfigurationList section */

/* Begin XCRemoteSwiftPackageReference section */
		7C1178DD2E1E4D1C00141C8C /* XCRemoteSwiftPackageReference "firebase-ios-sdk" */ = {
			isa = XCRemoteSwiftPackageReference;
			repositoryURL = "https://github.com/firebase/firebase-ios-sdk";
			requirement = {
				kind = upToNextMajorVersion;
				minimumVersion = 11.15.0;
			};
		};
		7C21BC5C2E2F77EA002CA08A /* XCRemoteSwiftPackageReference "GoogleSignIn-iOS" */ = {
			isa = XCRemoteSwiftPackageReference;
			repositoryURL = "https://github.com/google/GoogleSignIn-iOS";
			requirement = {
				kind = upToNextMajorVersion;
				minimumVersion = 9.0.0;
			};
		};
		7C21BC742E33609B002CA08A /* XCRemoteSwiftPackageReference "kakao-ios-sdk" */ = {
			isa = XCRemoteSwiftPackageReference;
			repositoryURL = "https://github.com/kakao/kakao-ios-sdk";
			requirement = {
				kind = upToNextMajorVersion;
				minimumVersion = 2.24.5;
			};
		};
		7C21BC802E34E392002CA08A /* XCRemoteSwiftPackageReference "naveridlogin-sdk-ios" */ = {
			isa = XCRemoteSwiftPackageReference;
			repositoryURL = "https://github.com/naver/naveridlogin-sdk-ios";
			requirement = {
				branch = master;
				kind = branch;
			};
		};
		7C21BC832E34E8EC002CA08A /* XCRemoteSwiftPackageReference "naveridlogin-sdk-ios-swift" */ = {
			isa = XCRemoteSwiftPackageReference;
			repositoryURL = "https://github.com/naver/naveridlogin-sdk-ios-swift";
			requirement = {
				kind = upToNextMajorVersion;
				minimumVersion = 5.0.1;
			};
		};
/* End XCRemoteSwiftPackageReference section */

/* Begin XCSwiftPackageProductDependency section */
		7C1178DE2E1E4D1C00141C8C /* FirebaseAnalytics */ = {
			isa = XCSwiftPackageProductDependency;
			package = 7C1178DD2E1E4D1C00141C8C /* XCRemoteSwiftPackageReference "firebase-ios-sdk" */;
			productName = FirebaseAnalytics;
		};
		7C1178E02E1E4D1C00141C8C /* FirebaseAnalyticsCore */ = {
			isa = XCSwiftPackageProductDependency;
			package = 7C1178DD2E1E4D1C00141C8C /* XCRemoteSwiftPackageReference "firebase-ios-sdk" */;
			productName = FirebaseAnalyticsCore;
		};
		7C1178E22E23D13600141C8C /* FirebaseFirestore */ = {
			isa = XCSwiftPackageProductDependency;
			package = 7C1178DD2E1E4D1C00141C8C /* XCRemoteSwiftPackageReference "firebase-ios-sdk" */;
			productName = FirebaseFirestore;
		};
		7C21BC5D2E2F77EA002CA08A /* GoogleSignIn */ = {
			isa = XCSwiftPackageProductDependency;
			package = 7C21BC5C2E2F77EA002CA08A /* XCRemoteSwiftPackageReference "GoogleSignIn-iOS" */;
			productName = GoogleSignIn;
		};
		7C21BC5F2E2F77EA002CA08A /* GoogleSignInSwift */ = {
			isa = XCSwiftPackageProductDependency;
			package = 7C21BC5C2E2F77EA002CA08A /* XCRemoteSwiftPackageReference "GoogleSignIn-iOS" */;
			productName = GoogleSignInSwift;
		};
		7C21BC6D2E30A585002CA08A /* FirebaseAuth */ = {
			isa = XCSwiftPackageProductDependency;
			package = 7C1178DD2E1E4D1C00141C8C /* XCRemoteSwiftPackageReference "firebase-ios-sdk" */;
			productName = FirebaseAuth;
		};
		7C21BC6F2E30A585002CA08A /* FirebaseCore */ = {
			isa = XCSwiftPackageProductDependency;
			package = 7C1178DD2E1E4D1C00141C8C /* XCRemoteSwiftPackageReference "firebase-ios-sdk" */;
			productName = FirebaseCore;
		};
		7C21BC752E33609B002CA08A /* KakaoSDKAuth */ = {
			isa = XCSwiftPackageProductDependency;
			package = 7C21BC742E33609B002CA08A /* XCRemoteSwiftPackageReference "kakao-ios-sdk" */;
			productName = KakaoSDKAuth;
		};
		7C21BC772E33609B002CA08A /* KakaoSDKCommon */ = {
			isa = XCSwiftPackageProductDependency;
			package = 7C21BC742E33609B002CA08A /* XCRemoteSwiftPackageReference "kakao-ios-sdk" */;
			productName = KakaoSDKCommon;
		};
		7C21BC792E33609B002CA08A /* KakaoSDKUser */ = {
			isa = XCSwiftPackageProductDependency;
			package = 7C21BC742E33609B002CA08A /* XCRemoteSwiftPackageReference "kakao-ios-sdk" */;
			productName = KakaoSDKUser;
		};
		7C21BC812E34E392002CA08A /* NaverThirdPartyLogin */ = {
			isa = XCSwiftPackageProductDependency;
			package = 7C21BC802E34E392002CA08A /* XCRemoteSwiftPackageReference "naveridlogin-sdk-ios" */;
			productName = NaverThirdPartyLogin;
		};
		7C21BC842E34E8EC002CA08A /* NidThirdPartyLogin */ = {
			isa = XCSwiftPackageProductDependency;
			package = 7C21BC832E34E8EC002CA08A /* XCRemoteSwiftPackageReference "naveridlogin-sdk-ios-swift" */;
			productName = NidThirdPartyLogin;
		};
/* End XCSwiftPackageProductDependency section */
	};
	rootObject = 7C11788B2E18216C00141C8C /* Project object */;
}
